
Microsoft Visual Studio Solution File, Format Version 12.00
# Visual Studio 15
VisualStudioVersion = 15.0.26730.12
MinimumVisualStudioVersion = 10.0.40219.1
Project("{FAE04EC0-301F-11D3-BF4B-00C04F79EFBC}") = "SampleApp.Droid", "SampleApp.Droid\SampleApp.Droid.csproj", "{8B2C91BE-1BA9-45F8-8CB3-2EC6771F6EB1}"
EndProject
Project("{9A19103F-16F7-4668-BE54-9A1E7A4F7556}") = "SampleApp.Core", "SampleApp.Core\SampleApp.Core.csproj", "{169011C3-653A-4E76-B93E-A9CECB1B5CFC}"
EndProject
Project("{FAE04EC0-301F-11D3-BF4B-00C04F79EFBC}") = "SampleApp.iOS", "SampleApp.iOS\SampleApp.iOS.csproj", "{326C09CF-6E33-44F8-B720-A91F908E1DB1}"
EndProject
Project("{FAE04EC0-301F-11D3-BF4B-00C04F79EFBC}") = "SampleApp.UWP", "SampleApp.UWP\SampleApp.UWP.csproj", "{C48EBFDA-18A9-4CF7-89E8-73F5DC2AAF7A}"
EndProject
Project("{FAE04EC0-301F-11D3-BF4B-00C04F79EFBC}") = "SampleApp.WPF", "SampleApp.WPF\SampleApp.WPF.csproj", "{D218CF19-5B70-48FC-845F-1A62D307BDD6}"
EndProject
Global
	GlobalSection(SolutionConfigurationPlatforms) = preSolution
		Ad-Hoc|Any CPU = Ad-Hoc|Any CPU
		Ad-Hoc|ARM = Ad-Hoc|ARM
		Ad-Hoc|iPhone = Ad-Hoc|iPhone
		Ad-Hoc|iPhoneSimulator = Ad-Hoc|iPhoneSimulator
		Ad-Hoc|x64 = Ad-Hoc|x64
		Ad-Hoc|x86 = Ad-Hoc|x86
		AppStore|Any CPU = AppStore|Any CPU
		AppStore|ARM = AppStore|ARM
		AppStore|iPhone = AppStore|iPhone
		AppStore|iPhoneSimulator = AppStore|iPhoneSimulator
		AppStore|x64 = AppStore|x64
		AppStore|x86 = AppStore|x86
		Debug|Any CPU = Debug|Any CPU
		Debug|ARM = Debug|ARM
		Debug|iPhone = Debug|iPhone
		Debug|iPhoneSimulator = Debug|iPhoneSimulator
		Debug|x64 = Debug|x64
		Debug|x86 = Debug|x86
		Release|Any CPU = Release|Any CPU
		Release|ARM = Release|ARM
		Release|iPhone = Release|iPhone
		Release|iPhoneSimulator = Release|iPhoneSimulator
		Release|x64 = Release|x64
		Release|x86 = Release|x86
	EndGlobalSection
	GlobalSection(ProjectConfigurationPlatforms) = postSolution
		{8B2C91BE-1BA9-45F8-8CB3-2EC6771F6EB1}.Ad-Hoc|Any CPU.ActiveCfg = Release|Any CPU
		{8B2C91BE-1BA9-45F8-8CB3-2EC6771F6EB1}.Ad-Hoc|Any CPU.Build.0 = Release|Any CPU
		{8B2C91BE-1BA9-45F8-8CB3-2EC6771F6EB1}.Ad-Hoc|Any CPU.Deploy.0 = Release|Any CPU
		{8B2C91BE-1BA9-45F8-8CB3-2EC6771F6EB1}.Ad-Hoc|ARM.ActiveCfg = Release|Any CPU
		{8B2C91BE-1BA9-45F8-8CB3-2EC6771F6EB1}.Ad-Hoc|ARM.Build.0 = Release|Any CPU
		{8B2C91BE-1BA9-45F8-8CB3-2EC6771F6EB1}.Ad-Hoc|ARM.Deploy.0 = Release|Any CPU
		{8B2C91BE-1BA9-45F8-8CB3-2EC6771F6EB1}.Ad-Hoc|iPhone.ActiveCfg = Release|Any CPU
		{8B2C91BE-1BA9-45F8-8CB3-2EC6771F6EB1}.Ad-Hoc|iPhone.Build.0 = Release|Any CPU
		{8B2C91BE-1BA9-45F8-8CB3-2EC6771F6EB1}.Ad-Hoc|iPhone.Deploy.0 = Release|Any CPU
		{8B2C91BE-1BA9-45F8-8CB3-2EC6771F6EB1}.Ad-Hoc|iPhoneSimulator.ActiveCfg = Release|Any CPU
		{8B2C91BE-1BA9-45F8-8CB3-2EC6771F6EB1}.Ad-Hoc|iPhoneSimulator.Build.0 = Release|Any CPU
		{8B2C91BE-1BA9-45F8-8CB3-2EC6771F6EB1}.Ad-Hoc|iPhoneSimulator.Deploy.0 = Release|Any CPU
		{8B2C91BE-1BA9-45F8-8CB3-2EC6771F6EB1}.Ad-Hoc|x64.ActiveCfg = Release|Any CPU
		{8B2C91BE-1BA9-45F8-8CB3-2EC6771F6EB1}.Ad-Hoc|x64.Build.0 = Release|Any CPU
		{8B2C91BE-1BA9-45F8-8CB3-2EC6771F6EB1}.Ad-Hoc|x64.Deploy.0 = Release|Any CPU
		{8B2C91BE-1BA9-45F8-8CB3-2EC6771F6EB1}.Ad-Hoc|x86.ActiveCfg = Release|Any CPU
		{8B2C91BE-1BA9-45F8-8CB3-2EC6771F6EB1}.Ad-Hoc|x86.Build.0 = Release|Any CPU
		{8B2C91BE-1BA9-45F8-8CB3-2EC6771F6EB1}.Ad-Hoc|x86.Deploy.0 = Release|Any CPU
		{8B2C91BE-1BA9-45F8-8CB3-2EC6771F6EB1}.AppStore|Any CPU.ActiveCfg = Release|Any CPU
		{8B2C91BE-1BA9-45F8-8CB3-2EC6771F6EB1}.AppStore|Any CPU.Build.0 = Release|Any CPU
		{8B2C91BE-1BA9-45F8-8CB3-2EC6771F6EB1}.AppStore|Any CPU.Deploy.0 = Release|Any CPU
		{8B2C91BE-1BA9-45F8-8CB3-2EC6771F6EB1}.AppStore|ARM.ActiveCfg = Release|Any CPU
		{8B2C91BE-1BA9-45F8-8CB3-2EC6771F6EB1}.AppStore|ARM.Build.0 = Release|Any CPU
		{8B2C91BE-1BA9-45F8-8CB3-2EC6771F6EB1}.AppStore|ARM.Deploy.0 = Release|Any CPU
		{8B2C91BE-1BA9-45F8-8CB3-2EC6771F6EB1}.AppStore|iPhone.ActiveCfg = Release|Any CPU
		{8B2C91BE-1BA9-45F8-8CB3-2EC6771F6EB1}.AppStore|iPhone.Build.0 = Release|Any CPU
		{8B2C91BE-1BA9-45F8-8CB3-2EC6771F6EB1}.AppStore|iPhone.Deploy.0 = Release|Any CPU
		{8B2C91BE-1BA9-45F8-8CB3-2EC6771F6EB1}.AppStore|iPhoneSimulator.ActiveCfg = Release|Any CPU
		{8B2C91BE-1BA9-45F8-8CB3-2EC6771F6EB1}.AppStore|iPhoneSimulator.Build.0 = Release|Any CPU
		{8B2C91BE-1BA9-45F8-8CB3-2EC6771F6EB1}.AppStore|iPhoneSimulator.Deploy.0 = Release|Any CPU
		{8B2C91BE-1BA9-45F8-8CB3-2EC6771F6EB1}.AppStore|x64.ActiveCfg = Release|Any CPU
		{8B2C91BE-1BA9-45F8-8CB3-2EC6771F6EB1}.AppStore|x64.Build.0 = Release|Any CPU
		{8B2C91BE-1BA9-45F8-8CB3-2EC6771F6EB1}.AppStore|x64.Deploy.0 = Release|Any CPU
		{8B2C91BE-1BA9-45F8-8CB3-2EC6771F6EB1}.AppStore|x86.ActiveCfg = Release|Any CPU
		{8B2C91BE-1BA9-45F8-8CB3-2EC6771F6EB1}.AppStore|x86.Build.0 = Release|Any CPU
		{8B2C91BE-1BA9-45F8-8CB3-2EC6771F6EB1}.AppStore|x86.Deploy.0 = Release|Any CPU
		{8B2C91BE-1BA9-45F8-8CB3-2EC6771F6EB1}.Debug|Any CPU.ActiveCfg = Debug|Any CPU
		{8B2C91BE-1BA9-45F8-8CB3-2EC6771F6EB1}.Debug|Any CPU.Build.0 = Debug|Any CPU
		{8B2C91BE-1BA9-45F8-8CB3-2EC6771F6EB1}.Debug|ARM.ActiveCfg = Debug|Any CPU
		{8B2C91BE-1BA9-45F8-8CB3-2EC6771F6EB1}.Debug|ARM.Build.0 = Debug|Any CPU
		{8B2C91BE-1BA9-45F8-8CB3-2EC6771F6EB1}.Debug|ARM.Deploy.0 = Debug|Any CPU
		{8B2C91BE-1BA9-45F8-8CB3-2EC6771F6EB1}.Debug|iPhone.ActiveCfg = Debug|Any CPU
		{8B2C91BE-1BA9-45F8-8CB3-2EC6771F6EB1}.Debug|iPhone.Build.0 = Debug|Any CPU
		{8B2C91BE-1BA9-45F8-8CB3-2EC6771F6EB1}.Debug|iPhone.Deploy.0 = Debug|Any CPU
		{8B2C91BE-1BA9-45F8-8CB3-2EC6771F6EB1}.Debug|iPhoneSimulator.ActiveCfg = Debug|Any CPU
		{8B2C91BE-1BA9-45F8-8CB3-2EC6771F6EB1}.Debug|iPhoneSimulator.Build.0 = Debug|Any CPU
		{8B2C91BE-1BA9-45F8-8CB3-2EC6771F6EB1}.Debug|iPhoneSimulator.Deploy.0 = Debug|Any CPU
		{8B2C91BE-1BA9-45F8-8CB3-2EC6771F6EB1}.Debug|x64.ActiveCfg = Debug|Any CPU
		{8B2C91BE-1BA9-45F8-8CB3-2EC6771F6EB1}.Debug|x64.Build.0 = Debug|Any CPU
		{8B2C91BE-1BA9-45F8-8CB3-2EC6771F6EB1}.Debug|x64.Deploy.0 = Debug|Any CPU
		{8B2C91BE-1BA9-45F8-8CB3-2EC6771F6EB1}.Debug|x86.ActiveCfg = Debug|Any CPU
		{8B2C91BE-1BA9-45F8-8CB3-2EC6771F6EB1}.Debug|x86.Build.0 = Debug|Any CPU
		{8B2C91BE-1BA9-45F8-8CB3-2EC6771F6EB1}.Debug|x86.Deploy.0 = Debug|Any CPU
		{8B2C91BE-1BA9-45F8-8CB3-2EC6771F6EB1}.Release|Any CPU.ActiveCfg = Release|Any CPU
		{8B2C91BE-1BA9-45F8-8CB3-2EC6771F6EB1}.Release|ARM.ActiveCfg = Release|Any CPU
		{8B2C91BE-1BA9-45F8-8CB3-2EC6771F6EB1}.Release|ARM.Build.0 = Release|Any CPU
		{8B2C91BE-1BA9-45F8-8CB3-2EC6771F6EB1}.Release|ARM.Deploy.0 = Release|Any CPU
		{8B2C91BE-1BA9-45F8-8CB3-2EC6771F6EB1}.Release|iPhone.ActiveCfg = Release|Any CPU
		{8B2C91BE-1BA9-45F8-8CB3-2EC6771F6EB1}.Release|iPhone.Build.0 = Release|Any CPU
		{8B2C91BE-1BA9-45F8-8CB3-2EC6771F6EB1}.Release|iPhone.Deploy.0 = Release|Any CPU
		{8B2C91BE-1BA9-45F8-8CB3-2EC6771F6EB1}.Release|iPhoneSimulator.ActiveCfg = Release|Any CPU
		{8B2C91BE-1BA9-45F8-8CB3-2EC6771F6EB1}.Release|iPhoneSimulator.Build.0 = Release|Any CPU
		{8B2C91BE-1BA9-45F8-8CB3-2EC6771F6EB1}.Release|iPhoneSimulator.Deploy.0 = Release|Any CPU
		{8B2C91BE-1BA9-45F8-8CB3-2EC6771F6EB1}.Release|x64.ActiveCfg = Release|Any CPU
		{8B2C91BE-1BA9-45F8-8CB3-2EC6771F6EB1}.Release|x64.Build.0 = Release|Any CPU
		{8B2C91BE-1BA9-45F8-8CB3-2EC6771F6EB1}.Release|x64.Deploy.0 = Release|Any CPU
		{8B2C91BE-1BA9-45F8-8CB3-2EC6771F6EB1}.Release|x86.ActiveCfg = Release|Any CPU
		{8B2C91BE-1BA9-45F8-8CB3-2EC6771F6EB1}.Release|x86.Build.0 = Release|Any CPU
		{8B2C91BE-1BA9-45F8-8CB3-2EC6771F6EB1}.Release|x86.Deploy.0 = Release|Any CPU
		{169011C3-653A-4E76-B93E-A9CECB1B5CFC}.Ad-Hoc|Any CPU.ActiveCfg = Release|Any CPU
		{169011C3-653A-4E76-B93E-A9CECB1B5CFC}.Ad-Hoc|Any CPU.Build.0 = Release|Any CPU
		{169011C3-653A-4E76-B93E-A9CECB1B5CFC}.Ad-Hoc|ARM.ActiveCfg = Release|Any CPU
		{169011C3-653A-4E76-B93E-A9CECB1B5CFC}.Ad-Hoc|ARM.Build.0 = Release|Any CPU
		{169011C3-653A-4E76-B93E-A9CECB1B5CFC}.Ad-Hoc|iPhone.ActiveCfg = Release|Any CPU
		{169011C3-653A-4E76-B93E-A9CECB1B5CFC}.Ad-Hoc|iPhone.Build.0 = Release|Any CPU
		{169011C3-653A-4E76-B93E-A9CECB1B5CFC}.Ad-Hoc|iPhoneSimulator.ActiveCfg = Release|Any CPU
		{169011C3-653A-4E76-B93E-A9CECB1B5CFC}.Ad-Hoc|iPhoneSimulator.Build.0 = Release|Any CPU
		{169011C3-653A-4E76-B93E-A9CECB1B5CFC}.Ad-Hoc|x64.ActiveCfg = Release|Any CPU
		{169011C3-653A-4E76-B93E-A9CECB1B5CFC}.Ad-Hoc|x64.Build.0 = Release|Any CPU
		{169011C3-653A-4E76-B93E-A9CECB1B5CFC}.Ad-Hoc|x86.ActiveCfg = Release|Any CPU
		{169011C3-653A-4E76-B93E-A9CECB1B5CFC}.Ad-Hoc|x86.Build.0 = Release|Any CPU
		{169011C3-653A-4E76-B93E-A9CECB1B5CFC}.AppStore|Any CPU.ActiveCfg = Release|Any CPU
		{169011C3-653A-4E76-B93E-A9CECB1B5CFC}.AppStore|Any CPU.Build.0 = Release|Any CPU
		{169011C3-653A-4E76-B93E-A9CECB1B5CFC}.AppStore|ARM.ActiveCfg = Release|Any CPU
		{169011C3-653A-4E76-B93E-A9CECB1B5CFC}.AppStore|ARM.Build.0 = Release|Any CPU
		{169011C3-653A-4E76-B93E-A9CECB1B5CFC}.AppStore|iPhone.ActiveCfg = Release|Any CPU
		{169011C3-653A-4E76-B93E-A9CECB1B5CFC}.AppStore|iPhone.Build.0 = Release|Any CPU
		{169011C3-653A-4E76-B93E-A9CECB1B5CFC}.AppStore|iPhoneSimulator.ActiveCfg = Release|Any CPU
		{169011C3-653A-4E76-B93E-A9CECB1B5CFC}.AppStore|iPhoneSimulator.Build.0 = Release|Any CPU
		{169011C3-653A-4E76-B93E-A9CECB1B5CFC}.AppStore|x64.ActiveCfg = Release|Any CPU
		{169011C3-653A-4E76-B93E-A9CECB1B5CFC}.AppStore|x64.Build.0 = Release|Any CPU
		{169011C3-653A-4E76-B93E-A9CECB1B5CFC}.AppStore|x86.ActiveCfg = Release|Any CPU
		{169011C3-653A-4E76-B93E-A9CECB1B5CFC}.AppStore|x86.Build.0 = Release|Any CPU
		{169011C3-653A-4E76-B93E-A9CECB1B5CFC}.Debug|Any CPU.ActiveCfg = Debug|Any CPU
		{169011C3-653A-4E76-B93E-A9CECB1B5CFC}.Debug|Any CPU.Build.0 = Debug|Any CPU
		{169011C3-653A-4E76-B93E-A9CECB1B5CFC}.Debug|ARM.ActiveCfg = Debug|Any CPU
		{169011C3-653A-4E76-B93E-A9CECB1B5CFC}.Debug|ARM.Build.0 = Debug|Any CPU
		{169011C3-653A-4E76-B93E-A9CECB1B5CFC}.Debug|iPhone.ActiveCfg = Debug|Any CPU
		{169011C3-653A-4E76-B93E-A9CECB1B5CFC}.Debug|iPhone.Build.0 = Debug|Any CPU
		{169011C3-653A-4E76-B93E-A9CECB1B5CFC}.Debug|iPhoneSimulator.ActiveCfg = Debug|Any CPU
		{169011C3-653A-4E76-B93E-A9CECB1B5CFC}.Debug|iPhoneSimulator.Build.0 = Debug|Any CPU
		{169011C3-653A-4E76-B93E-A9CECB1B5CFC}.Debug|x64.ActiveCfg = Debug|Any CPU
		{169011C3-653A-4E76-B93E-A9CECB1B5CFC}.Debug|x64.Build.0 = Debug|Any CPU
		{169011C3-653A-4E76-B93E-A9CECB1B5CFC}.Debug|x86.ActiveCfg = Debug|Any CPU
		{169011C3-653A-4E76-B93E-A9CECB1B5CFC}.Debug|x86.Build.0 = Debug|Any CPU
		{169011C3-653A-4E76-B93E-A9CECB1B5CFC}.Release|Any CPU.ActiveCfg = Release|Any CPU
		{169011C3-653A-4E76-B93E-A9CECB1B5CFC}.Release|ARM.ActiveCfg = Release|Any CPU
		{169011C3-653A-4E76-B93E-A9CECB1B5CFC}.Release|ARM.Build.0 = Release|Any CPU
		{169011C3-653A-4E76-B93E-A9CECB1B5CFC}.Release|iPhone.ActiveCfg = Release|Any CPU
		{169011C3-653A-4E76-B93E-A9CECB1B5CFC}.Release|iPhone.Build.0 = Release|Any CPU
		{169011C3-653A-4E76-B93E-A9CECB1B5CFC}.Release|iPhoneSimulator.ActiveCfg = Release|Any CPU
		{169011C3-653A-4E76-B93E-A9CECB1B5CFC}.Release|iPhoneSimulator.Build.0 = Release|Any CPU
		{169011C3-653A-4E76-B93E-A9CECB1B5CFC}.Release|x64.ActiveCfg = Release|Any CPU
		{169011C3-653A-4E76-B93E-A9CECB1B5CFC}.Release|x64.Build.0 = Release|Any CPU
		{169011C3-653A-4E76-B93E-A9CECB1B5CFC}.Release|x86.ActiveCfg = Release|Any CPU
		{169011C3-653A-4E76-B93E-A9CECB1B5CFC}.Release|x86.Build.0 = Release|Any CPU
		{326C09CF-6E33-44F8-B720-A91F908E1DB1}.Ad-Hoc|Any CPU.ActiveCfg = Ad-Hoc|iPhone
		{326C09CF-6E33-44F8-B720-A91F908E1DB1}.Ad-Hoc|ARM.ActiveCfg = Ad-Hoc|iPhone
		{326C09CF-6E33-44F8-B720-A91F908E1DB1}.Ad-Hoc|iPhone.ActiveCfg = Ad-Hoc|iPhone
		{326C09CF-6E33-44F8-B720-A91F908E1DB1}.Ad-Hoc|iPhone.Build.0 = Ad-Hoc|iPhone
		{326C09CF-6E33-44F8-B720-A91F908E1DB1}.Ad-Hoc|iPhoneSimulator.ActiveCfg = Ad-Hoc|iPhoneSimulator
		{326C09CF-6E33-44F8-B720-A91F908E1DB1}.Ad-Hoc|iPhoneSimulator.Build.0 = Ad-Hoc|iPhoneSimulator
		{326C09CF-6E33-44F8-B720-A91F908E1DB1}.Ad-Hoc|x64.ActiveCfg = Ad-Hoc|iPhone
		{326C09CF-6E33-44F8-B720-A91F908E1DB1}.Ad-Hoc|x86.ActiveCfg = Ad-Hoc|iPhone
		{326C09CF-6E33-44F8-B720-A91F908E1DB1}.AppStore|Any CPU.ActiveCfg = AppStore|iPhone
		{326C09CF-6E33-44F8-B720-A91F908E1DB1}.AppStore|ARM.ActiveCfg = AppStore|iPhone
		{326C09CF-6E33-44F8-B720-A91F908E1DB1}.AppStore|iPhone.ActiveCfg = AppStore|iPhone
		{326C09CF-6E33-44F8-B720-A91F908E1DB1}.AppStore|iPhone.Build.0 = AppStore|iPhone
		{326C09CF-6E33-44F8-B720-A91F908E1DB1}.AppStore|iPhoneSimulator.ActiveCfg = AppStore|iPhoneSimulator
		{326C09CF-6E33-44F8-B720-A91F908E1DB1}.AppStore|iPhoneSimulator.Build.0 = AppStore|iPhoneSimulator
		{326C09CF-6E33-44F8-B720-A91F908E1DB1}.AppStore|x64.ActiveCfg = AppStore|iPhone
		{326C09CF-6E33-44F8-B720-A91F908E1DB1}.AppStore|x86.ActiveCfg = AppStore|iPhone
		{326C09CF-6E33-44F8-B720-A91F908E1DB1}.Debug|Any CPU.ActiveCfg = Debug|iPhoneSimulator
		{326C09CF-6E33-44F8-B720-A91F908E1DB1}.Debug|Any CPU.Build.0 = Debug|iPhoneSimulator
		{326C09CF-6E33-44F8-B720-A91F908E1DB1}.Debug|ARM.ActiveCfg = Debug|iPhone
		{326C09CF-6E33-44F8-B720-A91F908E1DB1}.Debug|iPhone.ActiveCfg = Debug|iPhone
		{326C09CF-6E33-44F8-B720-A91F908E1DB1}.Debug|iPhone.Build.0 = Debug|iPhone
		{326C09CF-6E33-44F8-B720-A91F908E1DB1}.Debug|iPhoneSimulator.ActiveCfg = Debug|iPhoneSimulator
		{326C09CF-6E33-44F8-B720-A91F908E1DB1}.Debug|iPhoneSimulator.Build.0 = Debug|iPhoneSimulator
		{326C09CF-6E33-44F8-B720-A91F908E1DB1}.Debug|x64.ActiveCfg = Debug|iPhone
		{326C09CF-6E33-44F8-B720-A91F908E1DB1}.Debug|x86.ActiveCfg = Debug|iPhone
		{326C09CF-6E33-44F8-B720-A91F908E1DB1}.Release|Any CPU.ActiveCfg = Release|iPhone
		{326C09CF-6E33-44F8-B720-A91F908E1DB1}.Release|ARM.ActiveCfg = Release|iPhone
		{326C09CF-6E33-44F8-B720-A91F908E1DB1}.Release|iPhone.ActiveCfg = Release|iPhone
		{326C09CF-6E33-44F8-B720-A91F908E1DB1}.Release|iPhone.Build.0 = Release|iPhone
		{326C09CF-6E33-44F8-B720-A91F908E1DB1}.Release|iPhoneSimulator.ActiveCfg = Release|iPhoneSimulator
		{326C09CF-6E33-44F8-B720-A91F908E1DB1}.Release|iPhoneSimulator.Build.0 = Release|iPhoneSimulator
		{326C09CF-6E33-44F8-B720-A91F908E1DB1}.Release|x64.ActiveCfg = Release|iPhone
		{326C09CF-6E33-44F8-B720-A91F908E1DB1}.Release|x86.ActiveCfg = Release|iPhone
		{C48EBFDA-18A9-4CF7-89E8-73F5DC2AAF7A}.Ad-Hoc|Any CPU.ActiveCfg = Release|x64
		{C48EBFDA-18A9-4CF7-89E8-73F5DC2AAF7A}.Ad-Hoc|Any CPU.Build.0 = Release|x64
		{C48EBFDA-18A9-4CF7-89E8-73F5DC2AAF7A}.Ad-Hoc|Any CPU.Deploy.0 = Release|x64
		{C48EBFDA-18A9-4CF7-89E8-73F5DC2AAF7A}.Ad-Hoc|ARM.ActiveCfg = Release|ARM
		{C48EBFDA-18A9-4CF7-89E8-73F5DC2AAF7A}.Ad-Hoc|ARM.Build.0 = Release|ARM
		{C48EBFDA-18A9-4CF7-89E8-73F5DC2AAF7A}.Ad-Hoc|ARM.Deploy.0 = Release|ARM
		{C48EBFDA-18A9-4CF7-89E8-73F5DC2AAF7A}.Ad-Hoc|iPhone.ActiveCfg = Release|x64
		{C48EBFDA-18A9-4CF7-89E8-73F5DC2AAF7A}.Ad-Hoc|iPhone.Build.0 = Release|x64
		{C48EBFDA-18A9-4CF7-89E8-73F5DC2AAF7A}.Ad-Hoc|iPhone.Deploy.0 = Release|x64
		{C48EBFDA-18A9-4CF7-89E8-73F5DC2AAF7A}.Ad-Hoc|iPhoneSimulator.ActiveCfg = Release|x64
		{C48EBFDA-18A9-4CF7-89E8-73F5DC2AAF7A}.Ad-Hoc|iPhoneSimulator.Build.0 = Release|x64
		{C48EBFDA-18A9-4CF7-89E8-73F5DC2AAF7A}.Ad-Hoc|iPhoneSimulator.Deploy.0 = Release|x64
		{C48EBFDA-18A9-4CF7-89E8-73F5DC2AAF7A}.Ad-Hoc|x64.ActiveCfg = Release|x64
		{C48EBFDA-18A9-4CF7-89E8-73F5DC2AAF7A}.Ad-Hoc|x64.Build.0 = Release|x64
		{C48EBFDA-18A9-4CF7-89E8-73F5DC2AAF7A}.Ad-Hoc|x64.Deploy.0 = Release|x64
		{C48EBFDA-18A9-4CF7-89E8-73F5DC2AAF7A}.Ad-Hoc|x86.ActiveCfg = Release|x86
		{C48EBFDA-18A9-4CF7-89E8-73F5DC2AAF7A}.Ad-Hoc|x86.Build.0 = Release|x86
		{C48EBFDA-18A9-4CF7-89E8-73F5DC2AAF7A}.Ad-Hoc|x86.Deploy.0 = Release|x86
		{C48EBFDA-18A9-4CF7-89E8-73F5DC2AAF7A}.AppStore|Any CPU.ActiveCfg = Release|x64
		{C48EBFDA-18A9-4CF7-89E8-73F5DC2AAF7A}.AppStore|Any CPU.Build.0 = Release|x64
		{C48EBFDA-18A9-4CF7-89E8-73F5DC2AAF7A}.AppStore|Any CPU.Deploy.0 = Release|x64
		{C48EBFDA-18A9-4CF7-89E8-73F5DC2AAF7A}.AppStore|ARM.ActiveCfg = Release|ARM
		{C48EBFDA-18A9-4CF7-89E8-73F5DC2AAF7A}.AppStore|ARM.Build.0 = Release|ARM
		{C48EBFDA-18A9-4CF7-89E8-73F5DC2AAF7A}.AppStore|ARM.Deploy.0 = Release|ARM
		{C48EBFDA-18A9-4CF7-89E8-73F5DC2AAF7A}.AppStore|iPhone.ActiveCfg = Release|x64
		{C48EBFDA-18A9-4CF7-89E8-73F5DC2AAF7A}.AppStore|iPhone.Build.0 = Release|x64
		{C48EBFDA-18A9-4CF7-89E8-73F5DC2AAF7A}.AppStore|iPhone.Deploy.0 = Release|x64
		{C48EBFDA-18A9-4CF7-89E8-73F5DC2AAF7A}.AppStore|iPhoneSimulator.ActiveCfg = Release|x64
		{C48EBFDA-18A9-4CF7-89E8-73F5DC2AAF7A}.AppStore|iPhoneSimulator.Build.0 = Release|x64
		{C48EBFDA-18A9-4CF7-89E8-73F5DC2AAF7A}.AppStore|iPhoneSimulator.Deploy.0 = Release|x64
		{C48EBFDA-18A9-4CF7-89E8-73F5DC2AAF7A}.AppStore|x64.ActiveCfg = Release|x64
		{C48EBFDA-18A9-4CF7-89E8-73F5DC2AAF7A}.AppStore|x64.Build.0 = Release|x64
		{C48EBFDA-18A9-4CF7-89E8-73F5DC2AAF7A}.AppStore|x64.Deploy.0 = Release|x64
		{C48EBFDA-18A9-4CF7-89E8-73F5DC2AAF7A}.AppStore|x86.ActiveCfg = Release|x86
		{C48EBFDA-18A9-4CF7-89E8-73F5DC2AAF7A}.AppStore|x86.Build.0 = Release|x86
		{C48EBFDA-18A9-4CF7-89E8-73F5DC2AAF7A}.AppStore|x86.Deploy.0 = Release|x86
		{C48EBFDA-18A9-4CF7-89E8-73F5DC2AAF7A}.Debug|Any CPU.ActiveCfg = Debug|x86
		{C48EBFDA-18A9-4CF7-89E8-73F5DC2AAF7A}.Debug|ARM.ActiveCfg = Debug|ARM
		{C48EBFDA-18A9-4CF7-89E8-73F5DC2AAF7A}.Debug|ARM.Build.0 = Debug|ARM
		{C48EBFDA-18A9-4CF7-89E8-73F5DC2AAF7A}.Debug|ARM.Deploy.0 = Debug|ARM
		{C48EBFDA-18A9-4CF7-89E8-73F5DC2AAF7A}.Debug|iPhone.ActiveCfg = Debug|x86
		{C48EBFDA-18A9-4CF7-89E8-73F5DC2AAF7A}.Debug|iPhoneSimulator.ActiveCfg = Debug|x86
		{C48EBFDA-18A9-4CF7-89E8-73F5DC2AAF7A}.Debug|x64.ActiveCfg = Debug|x64
		{C48EBFDA-18A9-4CF7-89E8-73F5DC2AAF7A}.Debug|x64.Build.0 = Debug|x64
		{C48EBFDA-18A9-4CF7-89E8-73F5DC2AAF7A}.Debug|x64.Deploy.0 = Debug|x64
		{C48EBFDA-18A9-4CF7-89E8-73F5DC2AAF7A}.Debug|x86.ActiveCfg = Debug|x86
		{C48EBFDA-18A9-4CF7-89E8-73F5DC2AAF7A}.Debug|x86.Build.0 = Debug|x86
		{C48EBFDA-18A9-4CF7-89E8-73F5DC2AAF7A}.Debug|x86.Deploy.0 = Debug|x86
		{C48EBFDA-18A9-4CF7-89E8-73F5DC2AAF7A}.Release|Any CPU.ActiveCfg = Release|x86
		{C48EBFDA-18A9-4CF7-89E8-73F5DC2AAF7A}.Release|ARM.ActiveCfg = Release|ARM
		{C48EBFDA-18A9-4CF7-89E8-73F5DC2AAF7A}.Release|ARM.Build.0 = Release|ARM
		{C48EBFDA-18A9-4CF7-89E8-73F5DC2AAF7A}.Release|ARM.Deploy.0 = Release|ARM
		{C48EBFDA-18A9-4CF7-89E8-73F5DC2AAF7A}.Release|iPhone.ActiveCfg = Release|x86
		{C48EBFDA-18A9-4CF7-89E8-73F5DC2AAF7A}.Release|iPhoneSimulator.ActiveCfg = Release|x86
		{C48EBFDA-18A9-4CF7-89E8-73F5DC2AAF7A}.Release|x64.ActiveCfg = Release|x64
		{C48EBFDA-18A9-4CF7-89E8-73F5DC2AAF7A}.Release|x64.Build.0 = Release|x64
		{C48EBFDA-18A9-4CF7-89E8-73F5DC2AAF7A}.Release|x64.Deploy.0 = Release|x64
		{C48EBFDA-18A9-4CF7-89E8-73F5DC2AAF7A}.Release|x86.ActiveCfg = Release|x86
		{C48EBFDA-18A9-4CF7-89E8-73F5DC2AAF7A}.Release|x86.Build.0 = Release|x86
		{C48EBFDA-18A9-4CF7-89E8-73F5DC2AAF7A}.Release|x86.Deploy.0 = Release|x86
		{D218CF19-5B70-48FC-845F-1A62D307BDD6}.Ad-Hoc|Any CPU.ActiveCfg = Release|Any CPU
		{D218CF19-5B70-48FC-845F-1A62D307BDD6}.Ad-Hoc|Any CPU.Build.0 = Release|Any CPU
		{D218CF19-5B70-48FC-845F-1A62D307BDD6}.Ad-Hoc|ARM.ActiveCfg = Release|Any CPU
		{D218CF19-5B70-48FC-845F-1A62D307BDD6}.Ad-Hoc|ARM.Build.0 = Release|Any CPU
		{D218CF19-5B70-48FC-845F-1A62D307BDD6}.Ad-Hoc|iPhone.ActiveCfg = Release|Any CPU
		{D218CF19-5B70-48FC-845F-1A62D307BDD6}.Ad-Hoc|iPhone.Build.0 = Release|Any CPU
		{D218CF19-5B70-48FC-845F-1A62D307BDD6}.Ad-Hoc|iPhoneSimulator.ActiveCfg = Release|Any CPU
		{D218CF19-5B70-48FC-845F-1A62D307BDD6}.Ad-Hoc|iPhoneSimulator.Build.0 = Release|Any CPU
		{D218CF19-5B70-48FC-845F-1A62D307BDD6}.Ad-Hoc|x64.ActiveCfg = Release|Any CPU
		{D218CF19-5B70-48FC-845F-1A62D307BDD6}.Ad-Hoc|x64.Build.0 = Release|Any CPU
		{D218CF19-5B70-48FC-845F-1A62D307BDD6}.Ad-Hoc|x86.ActiveCfg = Release|Any CPU
		{D218CF19-5B70-48FC-845F-1A62D307BDD6}.Ad-Hoc|x86.Build.0 = Release|Any CPU
		{D218CF19-5B70-48FC-845F-1A62D307BDD6}.AppStore|Any CPU.ActiveCfg = Release|Any CPU
		{D218CF19-5B70-48FC-845F-1A62D307BDD6}.AppStore|Any CPU.Build.0 = Release|Any CPU
		{D218CF19-5B70-48FC-845F-1A62D307BDD6}.AppStore|ARM.ActiveCfg = Release|Any CPU
		{D218CF19-5B70-48FC-845F-1A62D307BDD6}.AppStore|ARM.Build.0 = Release|Any CPU
		{D218CF19-5B70-48FC-845F-1A62D307BDD6}.AppStore|iPhone.ActiveCfg = Release|Any CPU
		{D218CF19-5B70-48FC-845F-1A62D307BDD6}.AppStore|iPhone.Build.0 = Release|Any CPU
		{D218CF19-5B70-48FC-845F-1A62D307BDD6}.AppStore|iPhoneSimulator.ActiveCfg = Release|Any CPU
		{D218CF19-5B70-48FC-845F-1A62D307BDD6}.AppStore|iPhoneSimulator.Build.0 = Release|Any CPU
		{D218CF19-5B70-48FC-845F-1A62D307BDD6}.AppStore|x64.ActiveCfg = Release|Any CPU
		{D218CF19-5B70-48FC-845F-1A62D307BDD6}.AppStore|x64.Build.0 = Release|Any CPU
		{D218CF19-5B70-48FC-845F-1A62D307BDD6}.AppStore|x86.ActiveCfg = Release|Any CPU
		{D218CF19-5B70-48FC-845F-1A62D307BDD6}.AppStore|x86.Build.0 = Release|Any CPU
		{D218CF19-5B70-48FC-845F-1A62D307BDD6}.Debug|Any CPU.ActiveCfg = Debug|Any CPU
		{D218CF19-5B70-48FC-845F-1A62D307BDD6}.Debug|Any CPU.Build.0 = Debug|Any CPU
		{D218CF19-5B70-48FC-845F-1A62D307BDD6}.Debug|ARM.ActiveCfg = Debug|Any CPU
		{D218CF19-5B70-48FC-845F-1A62D307BDD6}.Debug|ARM.Build.0 = Debug|Any CPU
		{D218CF19-5B70-48FC-845F-1A62D307BDD6}.Debug|iPhone.ActiveCfg = Debug|Any CPU
		{D218CF19-5B70-48FC-845F-1A62D307BDD6}.Debug|iPhone.Build.0 = Debug|Any CPU
		{D218CF19-5B70-48FC-845F-1A62D307BDD6}.Debug|iPhoneSimulator.ActiveCfg = Debug|Any CPU
		{D218CF19-5B70-48FC-845F-1A62D307BDD6}.Debug|iPhoneSimulator.Build.0 = Debug|Any CPU
		{D218CF19-5B70-48FC-845F-1A62D307BDD6}.Debug|x64.ActiveCfg = Debug|Any CPU
		{D218CF19-5B70-48FC-845F-1A62D307BDD6}.Debug|x64.Build.0 = Debug|Any CPU
		{D218CF19-5B70-48FC-845F-1A62D307BDD6}.Debug|x86.ActiveCfg = Debug|Any CPU
		{D218CF19-5B70-48FC-845F-1A62D307BDD6}.Debug|x86.Build.0 = Debug|Any CPU
		{D218CF19-5B70-48FC-845F-1A62D307BDD6}.Release|Any CPU.ActiveCfg = Release|Any CPU
		{D218CF19-5B70-48FC-845F-1A62D307BDD6}.Release|Any CPU.Build.0 = Release|Any CPU
		{D218CF19-5B70-48FC-845F-1A62D307BDD6}.Release|ARM.ActiveCfg = Release|Any CPU
		{D218CF19-5B70-48FC-845F-1A62D307BDD6}.Release|ARM.Build.0 = Release|Any CPU
		{D218CF19-5B70-48FC-845F-1A62D307BDD6}.Release|iPhone.ActiveCfg = Release|Any CPU
		{D218CF19-5B70-48FC-845F-1A62D307BDD6}.Release|iPhone.Build.0 = Release|Any CPU
		{D218CF19-5B70-48FC-845F-1A62D307BDD6}.Release|iPhoneSimulator.ActiveCfg = Release|Any CPU
		{D218CF19-5B70-48FC-845F-1A62D307BDD6}.Release|iPhoneSimulator.Build.0 = Release|Any CPU
		{D218CF19-5B70-48FC-845F-1A62D307BDD6}.Release|x64.ActiveCfg = Release|Any CPU
		{D218CF19-5B70-48FC-845F-1A62D307BDD6}.Release|x64.Build.0 = Release|Any CPU
		{D218CF19-5B70-48FC-845F-1A62D307BDD6}.Release|x86.ActiveCfg = Release|Any CPU
		{D218CF19-5B70-48FC-845F-1A62D307BDD6}.Release|x86.Build.0 = Release|Any CPU
	EndGlobalSection
	GlobalSection(SolutionProperties) = preSolution
		HideSolutionNode = FALSE
	EndGlobalSection
	GlobalSection(ExtensibilityGlobals) = postSolution
		SolutionGuid = {F5399188-2304-4703-A27B-E19C3C4F7F2B}
	EndGlobalSection
EndGlobal
